// !$*UTF8*$!
{
	archiveVersion = 1;
	classes = {
	};
	objectVersion = 46;
	objects = {

/* Begin PBXBuildFile section */
		2400D07C1F40715900833958 /* AppDelegate.swift in Sources */ = {isa = PBXBuildFile; fileRef = 2400D07B1F40715900833958 /* AppDelegate.swift */; };
		2400D07E1F40715900833958 /* DashboardController.swift in Sources */ = {isa = PBXBuildFile; fileRef = 2400D07D1F40715900833958 /* DashboardController.swift */; };
		2400D0831F40715900833958 /* Main.storyboard in Resources */ = {isa = PBXBuildFile; fileRef = 2400D0811F40715900833958 /* Main.storyboard */; };
		2400D0851F40715900833958 /* Assets.xcassets in Resources */ = {isa = PBXBuildFile; fileRef = 2400D0841F40715900833958 /* Assets.xcassets */; };
		2400D0881F40715900833958 /* LaunchScreen.storyboard in Resources */ = {isa = PBXBuildFile; fileRef = 2400D0861F40715900833958 /* LaunchScreen.storyboard */; };
		2400D0901F40720500833958 /* KrakenAPI.swift in Sources */ = {isa = PBXBuildFile; fileRef = 2400D08F1F40720500833958 /* KrakenAPI.swift */; };
		2400D0921F40D6E700833958 /* TickerConnector.swift in Sources */ = {isa = PBXBuildFile; fileRef = 2400D0911F40D6E700833958 /* TickerConnector.swift */; };
		2400D0941F40D90900833958 /* TickerPrice.swift in Sources */ = {isa = PBXBuildFile; fileRef = 2400D0931F40D90900833958 /* TickerPrice.swift */; };
		2400D0961F424B5600833958 /* EtherscanAPI.swift in Sources */ = {isa = PBXBuildFile; fileRef = 2400D0951F424B5600833958 /* EtherscanAPI.swift */; };
		2400D0981F42508100833958 /* Transaction.swift in Sources */ = {isa = PBXBuildFile; fileRef = 2400D0971F42508100833958 /* Transaction.swift */; };
		2400D09A1F42511800833958 /* BlockchainConnector.swift in Sources */ = {isa = PBXBuildFile; fileRef = 2400D0991F42511800833958 /* BlockchainConnector.swift */; };
		240C63B11F47A88300728B8B /* Portfolio.swift in Sources */ = {isa = PBXBuildFile; fileRef = 240C63B01F47A88300728B8B /* Portfolio.swift */; };
		240C63B31F47A88E00728B8B /* Address.swift in Sources */ = {isa = PBXBuildFile; fileRef = 240C63B21F47A88E00728B8B /* Address.swift */; };
		24150D431F88E3E1003B7091 /* Token.swift in Sources */ = {isa = PBXBuildFile; fileRef = 24150D421F88E3E1003B7091 /* Token.swift */; };
		242729A41F7075CC00E5231D /* AddresDetailController.swift in Sources */ = {isa = PBXBuildFile; fileRef = 242729A31F7075CC00E5231D /* AddresDetailController.swift */; };
		242E1D531F9395F700BB95E3 /* SegmentedControlCell.swift in Sources */ = {isa = PBXBuildFile; fileRef = 242E1D521F9395F700BB95E3 /* SegmentedControlCell.swift */; };
		242E1D551F939C4500BB95E3 /* DeleteCell.swift in Sources */ = {isa = PBXBuildFile; fileRef = 242E1D541F939C4500BB95E3 /* DeleteCell.swift */; };
		243859941F6BE01F00D67791 /* FilterController.swift in Sources */ = {isa = PBXBuildFile; fileRef = 243859931F6BE01F00D67791 /* FilterController.swift */; };
		243859961F6C442300D67791 /* AddAddressController.swift in Sources */ = {isa = PBXBuildFile; fileRef = 243859951F6C442300D67791 /* AddAddressController.swift */; };
		2438599B1F6C890600D67791 /* PortfolioTableController.swift in Sources */ = {isa = PBXBuildFile; fileRef = 2438599A1F6C890500D67791 /* PortfolioTableController.swift */; };
		2446F5DC1F8EAD1E00DF385B /* TokenAddress.swift in Sources */ = {isa = PBXBuildFile; fileRef = 2446F5DB1F8EAD1E00DF385B /* TokenAddress.swift */; };
		2449F4351F6CB30D006E21C8 /* TransactionDetailController.swift in Sources */ = {isa = PBXBuildFile; fileRef = 2449F4341F6CB30D006E21C8 /* TransactionDetailController.swift */; };
		2449F4371F6D5711006E21C8 /* PortfolioDetailController.swift in Sources */ = {isa = PBXBuildFile; fileRef = 2449F4361F6D5711006E21C8 /* PortfolioDetailController.swift */; };
		2449F43A1F6D59F5006E21C8 /* TextFieldCell.swift in Sources */ = {isa = PBXBuildFile; fileRef = 2449F4391F6D59F5006E21C8 /* TextFieldCell.swift */; };
		2449F43C1F6D5AFA006E21C8 /* SwitchCell.swift in Sources */ = {isa = PBXBuildFile; fileRef = 2449F43B1F6D5AFA006E21C8 /* SwitchCell.swift */; };
		2449F43E1F6D5D6D006E21C8 /* AddressCell.swift in Sources */ = {isa = PBXBuildFile; fileRef = 2449F43D1F6D5D6D006E21C8 /* AddressCell.swift */; };
		2449F4441F6F0D3A006E21C8 /* AddPortfolioController.swift in Sources */ = {isa = PBXBuildFile; fileRef = 2449F4431F6F0D3A006E21C8 /* AddPortfolioController.swift */; };
		2449F4481F6F1D1F006E21C8 /* CurrencySelectionController.swift in Sources */ = {isa = PBXBuildFile; fileRef = 2449F4471F6F1D1F006E21C8 /* CurrencySelectionController.swift */; };
		2449F44A1F6F1F40006E21C8 /* SettingsController.swift in Sources */ = {isa = PBXBuildFile; fileRef = 2449F4491F6F1F40006E21C8 /* SettingsController.swift */; };
		2458132F1F5F503B007795BC /* PortfolioManager.swift in Sources */ = {isa = PBXBuildFile; fileRef = 2458132E1F5F503B007795BC /* PortfolioManager.swift */; };
		245E10871F86D79F000F6F0A /* SwiftKeccak.framework in Frameworks */ = {isa = PBXBuildFile; fileRef = 24AF7B301F83130E00400007 /* SwiftKeccak.framework */; };
		245E10881F86D7A8000F6F0A /* SwiftKeccak.framework in CopyFiles */ = {isa = PBXBuildFile; fileRef = 24AF7B301F83130E00400007 /* SwiftKeccak.framework */; settings = {ATTRIBUTES = (CodeSignOnCopy, RemoveHeadersOnCopy, ); }; };
		246737651F4B9255003277B8 /* TransactionTableController.swift in Sources */ = {isa = PBXBuildFile; fileRef = 246737641F4B9255003277B8 /* TransactionTableController.swift */; };
		246874F61F464B4E009BB60A /* Krypton.xcdatamodeld in Sources */ = {isa = PBXBuildFile; fileRef = 246874F41F464B4E009BB60A /* Krypton.xcdatamodeld */; };
		247665521F94CFB8000857B2 /* TransactionHeaderCell.swift in Sources */ = {isa = PBXBuildFile; fileRef = 247665511F94CFB8000857B2 /* TransactionHeaderCell.swift */; };
		24A007C41F538AD800EC0DCF /* TickerWatchlist.swift in Sources */ = {isa = PBXBuildFile; fileRef = 24A007C31F538AD800EC0DCF /* TickerWatchlist.swift */; };
		24A226BE1F50ED9300907999 /* Helpers.swift in Sources */ = {isa = PBXBuildFile; fileRef = 24A226BD1F50ED9300907999 /* Helpers.swift */; };
		24A3D32F1F7DAF250081BF09 /* BlockExplorerAPI.swift in Sources */ = {isa = PBXBuildFile; fileRef = 24A3D32E1F7DAF250081BF09 /* BlockExplorerAPI.swift */; };
		24A514D41F7DA5300003BD65 /* TransactionCell.swift in Sources */ = {isa = PBXBuildFile; fileRef = 24A514D31F7DA5300003BD65 /* TransactionCell.swift */; };
		24B8F6221F93F41700150C6C /* SwiftyBeaver.framework in CopyFiles */ = {isa = PBXBuildFile; fileRef = 24B8F6171F93F3E200150C6C /* SwiftyBeaver.framework */; settings = {ATTRIBUTES = (CodeSignOnCopy, RemoveHeadersOnCopy, ); }; };
		24BB0DFE1F4E41B40042562C /* Currency.swift in Sources */ = {isa = PBXBuildFile; fileRef = 24BB0DFD1F4E41B40042562C /* Currency.swift */; };
		24C63DB41F7F15DD0096A807 /* WatchlistController.swift in Sources */ = {isa = PBXBuildFile; fileRef = 24C63DB31F7F15DD0096A807 /* WatchlistController.swift */; };
/* End PBXBuildFile section */

/* Begin PBXContainerItemProxy section */
		245E10851F86D79B000F6F0A /* PBXContainerItemProxy */ = {
			isa = PBXContainerItemProxy;
			containerPortal = 24AF7B2A1F83130E00400007 /* SwiftKeccak.xcodeproj */;
			proxyType = 1;
			remoteGlobalIDString = 64BF75311F1FC45C00DBBADF;
			remoteInfo = SwiftKeccak;
		};
		24AF7B171F830B6C00400007 /* PBXContainerItemProxy */ = {
			isa = PBXContainerItemProxy;
			containerPortal = 24AF7B121F830B6C00400007 /* CryptoSwift.xcodeproj */;
			proxyType = 2;
			remoteGlobalIDString = 754BE45519693E190098E6F3;
			remoteInfo = CryptoSwift;
		};
		24AF7B191F830B6C00400007 /* PBXContainerItemProxy */ = {
			isa = PBXContainerItemProxy;
			containerPortal = 24AF7B121F830B6C00400007 /* CryptoSwift.xcodeproj */;
			proxyType = 2;
			remoteGlobalIDString = 754BE46019693E190098E6F3;
			remoteInfo = Tests;
		};
		24AF7B261F83130500400007 /* PBXContainerItemProxy */ = {
			isa = PBXContainerItemProxy;
			containerPortal = 24AF7B211F83130500400007 /* SwiftKeccak.xcodeproj */;
			proxyType = 2;
			remoteGlobalIDString = 64BF75321F1FC45C00DBBADF;
			remoteInfo = SwiftKeccak;
		};
		24AF7B281F83130500400007 /* PBXContainerItemProxy */ = {
			isa = PBXContainerItemProxy;
			containerPortal = 24AF7B211F83130500400007 /* SwiftKeccak.xcodeproj */;
			proxyType = 2;
			remoteGlobalIDString = 64BF753B1F1FC45D00DBBADF;
			remoteInfo = SwiftKeccakTests;
		};
		24AF7B2F1F83130E00400007 /* PBXContainerItemProxy */ = {
			isa = PBXContainerItemProxy;
			containerPortal = 24AF7B2A1F83130E00400007 /* SwiftKeccak.xcodeproj */;
			proxyType = 2;
			remoteGlobalIDString = 64BF75321F1FC45C00DBBADF;
			remoteInfo = SwiftKeccak;
		};
		24AF7B311F83130E00400007 /* PBXContainerItemProxy */ = {
			isa = PBXContainerItemProxy;
			containerPortal = 24AF7B2A1F83130E00400007 /* SwiftKeccak.xcodeproj */;
			proxyType = 2;
			remoteGlobalIDString = 64BF753B1F1FC45D00DBBADF;
			remoteInfo = SwiftKeccakTests;
		};
		24B8F6161F93F3E200150C6C /* PBXContainerItemProxy */ = {
			isa = PBXContainerItemProxy;
			containerPortal = 24B8F6091F93F3E200150C6C /* SwiftyBeaver.xcodeproj */;
			proxyType = 2;
			remoteGlobalIDString = 9EDCE3E41C09D211002FA4A7;
			remoteInfo = "SwiftyBeaver (iOS)";
		};
		24B8F6181F93F3E200150C6C /* PBXContainerItemProxy */ = {
			isa = PBXContainerItemProxy;
			containerPortal = 24B8F6091F93F3E200150C6C /* SwiftyBeaver.xcodeproj */;
			proxyType = 2;
			remoteGlobalIDString = 9EDCE3EE1C09D211002FA4A7;
			remoteInfo = SwiftyBeaverTests;
		};
		24B8F61A1F93F3E200150C6C /* PBXContainerItemProxy */ = {
			isa = PBXContainerItemProxy;
			containerPortal = 24B8F6091F93F3E200150C6C /* SwiftyBeaver.xcodeproj */;
			proxyType = 2;
			remoteGlobalIDString = ACE597841C1882DF0031451F;
			remoteInfo = "SwiftyBeaver (watchOS)";
		};
		24B8F61C1F93F3E200150C6C /* PBXContainerItemProxy */ = {
			isa = PBXContainerItemProxy;
			containerPortal = 24B8F6091F93F3E200150C6C /* SwiftyBeaver.xcodeproj */;
			proxyType = 2;
			remoteGlobalIDString = ACE597951C18830D0031451F;
			remoteInfo = "SwiftyBeaver (tvOS)";
		};
		24B8F61E1F93F3E200150C6C /* PBXContainerItemProxy */ = {
			isa = PBXContainerItemProxy;
			containerPortal = 24B8F6091F93F3E200150C6C /* SwiftyBeaver.xcodeproj */;
			proxyType = 2;
			remoteGlobalIDString = ACE597A61C18832E0031451F;
			remoteInfo = "SwiftyBeaver (macOS)";
		};
		24B8F6201F93F3F000150C6C /* PBXContainerItemProxy */ = {
			isa = PBXContainerItemProxy;
			containerPortal = 24B8F6091F93F3E200150C6C /* SwiftyBeaver.xcodeproj */;
			proxyType = 1;
			remoteGlobalIDString = 9EDCE3E31C09D211002FA4A7;
			remoteInfo = "SwiftyBeaver (iOS)";
		};
/* End PBXContainerItemProxy section */

/* Begin PBXCopyFilesBuildPhase section */
		24AF7B1F1F830C4D00400007 /* CopyFiles */ = {
			isa = PBXCopyFilesBuildPhase;
			buildActionMask = 2147483647;
			dstPath = "";
			dstSubfolderSpec = 10;
			files = (
				24B8F6221F93F41700150C6C /* SwiftyBeaver.framework in CopyFiles */,
				245E10881F86D7A8000F6F0A /* SwiftKeccak.framework in CopyFiles */,
			);
			runOnlyForDeploymentPostprocessing = 0;
		};
/* End PBXCopyFilesBuildPhase section */

/* Begin PBXFileReference section */
		2400D0781F40715900833958 /* Krypton.app */ = {isa = PBXFileReference; explicitFileType = wrapper.application; includeInIndex = 0; path = Krypton.app; sourceTree = BUILT_PRODUCTS_DIR; };
		2400D07B1F40715900833958 /* AppDelegate.swift */ = {isa = PBXFileReference; lastKnownFileType = sourcecode.swift; path = AppDelegate.swift; sourceTree = "<group>"; };
		2400D07D1F40715900833958 /* DashboardController.swift */ = {isa = PBXFileReference; lastKnownFileType = sourcecode.swift; path = DashboardController.swift; sourceTree = "<group>"; };
		2400D0821F40715900833958 /* Base */ = {isa = PBXFileReference; lastKnownFileType = file.storyboard; name = Base; path = Base.lproj/Main.storyboard; sourceTree = "<group>"; };
		2400D0841F40715900833958 /* Assets.xcassets */ = {isa = PBXFileReference; lastKnownFileType = folder.assetcatalog; path = Assets.xcassets; sourceTree = "<group>"; };
		2400D0871F40715900833958 /* Base */ = {isa = PBXFileReference; lastKnownFileType = file.storyboard; name = Base; path = Base.lproj/LaunchScreen.storyboard; sourceTree = "<group>"; };
		2400D0891F40715900833958 /* Info.plist */ = {isa = PBXFileReference; lastKnownFileType = text.plist.xml; path = Info.plist; sourceTree = "<group>"; };
		2400D08F1F40720500833958 /* KrakenAPI.swift */ = {isa = PBXFileReference; fileEncoding = 4; lastKnownFileType = sourcecode.swift; path = KrakenAPI.swift; sourceTree = "<group>"; };
		2400D0911F40D6E700833958 /* TickerConnector.swift */ = {isa = PBXFileReference; fileEncoding = 4; lastKnownFileType = sourcecode.swift; path = TickerConnector.swift; sourceTree = "<group>"; };
		2400D0931F40D90900833958 /* TickerPrice.swift */ = {isa = PBXFileReference; fileEncoding = 4; lastKnownFileType = sourcecode.swift; path = TickerPrice.swift; sourceTree = "<group>"; };
		2400D0951F424B5600833958 /* EtherscanAPI.swift */ = {isa = PBXFileReference; fileEncoding = 4; lastKnownFileType = sourcecode.swift; path = EtherscanAPI.swift; sourceTree = "<group>"; };
		2400D0971F42508100833958 /* Transaction.swift */ = {isa = PBXFileReference; fileEncoding = 4; lastKnownFileType = sourcecode.swift; path = Transaction.swift; sourceTree = "<group>"; };
		2400D0991F42511800833958 /* BlockchainConnector.swift */ = {isa = PBXFileReference; fileEncoding = 4; lastKnownFileType = sourcecode.swift; path = BlockchainConnector.swift; sourceTree = "<group>"; };
		240C63B01F47A88300728B8B /* Portfolio.swift */ = {isa = PBXFileReference; fileEncoding = 4; lastKnownFileType = sourcecode.swift; path = Portfolio.swift; sourceTree = "<group>"; };
		240C63B21F47A88E00728B8B /* Address.swift */ = {isa = PBXFileReference; fileEncoding = 4; lastKnownFileType = sourcecode.swift; path = Address.swift; sourceTree = "<group>"; };
		24150D421F88E3E1003B7091 /* Token.swift */ = {isa = PBXFileReference; lastKnownFileType = sourcecode.swift; path = Token.swift; sourceTree = "<group>"; };
		242729A31F7075CC00E5231D /* AddresDetailController.swift */ = {isa = PBXFileReference; fileEncoding = 4; lastKnownFileType = sourcecode.swift; path = AddresDetailController.swift; sourceTree = "<group>"; };
		242E1D521F9395F700BB95E3 /* SegmentedControlCell.swift */ = {isa = PBXFileReference; lastKnownFileType = sourcecode.swift; path = SegmentedControlCell.swift; sourceTree = "<group>"; };
		242E1D541F939C4500BB95E3 /* DeleteCell.swift */ = {isa = PBXFileReference; lastKnownFileType = sourcecode.swift; path = DeleteCell.swift; sourceTree = "<group>"; };
		243859931F6BE01F00D67791 /* FilterController.swift */ = {isa = PBXFileReference; fileEncoding = 4; lastKnownFileType = sourcecode.swift; path = FilterController.swift; sourceTree = "<group>"; };
		243859951F6C442300D67791 /* AddAddressController.swift */ = {isa = PBXFileReference; fileEncoding = 4; lastKnownFileType = sourcecode.swift; path = AddAddressController.swift; sourceTree = "<group>"; };
		2438599A1F6C890500D67791 /* PortfolioTableController.swift */ = {isa = PBXFileReference; fileEncoding = 4; lastKnownFileType = sourcecode.swift; path = PortfolioTableController.swift; sourceTree = "<group>"; };
		2446F5DB1F8EAD1E00DF385B /* TokenAddress.swift */ = {isa = PBXFileReference; lastKnownFileType = sourcecode.swift; path = TokenAddress.swift; sourceTree = "<group>"; };
		2449F4341F6CB30D006E21C8 /* TransactionDetailController.swift */ = {isa = PBXFileReference; fileEncoding = 4; lastKnownFileType = sourcecode.swift; path = TransactionDetailController.swift; sourceTree = "<group>"; };
		2449F4361F6D5711006E21C8 /* PortfolioDetailController.swift */ = {isa = PBXFileReference; fileEncoding = 4; lastKnownFileType = sourcecode.swift; path = PortfolioDetailController.swift; sourceTree = "<group>"; };
		2449F4391F6D59F5006E21C8 /* TextFieldCell.swift */ = {isa = PBXFileReference; fileEncoding = 4; lastKnownFileType = sourcecode.swift; path = TextFieldCell.swift; sourceTree = "<group>"; };
		2449F43B1F6D5AFA006E21C8 /* SwitchCell.swift */ = {isa = PBXFileReference; fileEncoding = 4; lastKnownFileType = sourcecode.swift; path = SwitchCell.swift; sourceTree = "<group>"; };
		2449F43D1F6D5D6D006E21C8 /* AddressCell.swift */ = {isa = PBXFileReference; fileEncoding = 4; lastKnownFileType = sourcecode.swift; path = AddressCell.swift; sourceTree = "<group>"; };
		2449F4431F6F0D3A006E21C8 /* AddPortfolioController.swift */ = {isa = PBXFileReference; fileEncoding = 4; lastKnownFileType = sourcecode.swift; path = AddPortfolioController.swift; sourceTree = "<group>"; };
		2449F4471F6F1D1F006E21C8 /* CurrencySelectionController.swift */ = {isa = PBXFileReference; fileEncoding = 4; lastKnownFileType = sourcecode.swift; path = CurrencySelectionController.swift; sourceTree = "<group>"; };
		2449F4491F6F1F40006E21C8 /* SettingsController.swift */ = {isa = PBXFileReference; fileEncoding = 4; lastKnownFileType = sourcecode.swift; path = SettingsController.swift; sourceTree = "<group>"; };
		2458132E1F5F503B007795BC /* PortfolioManager.swift */ = {isa = PBXFileReference; fileEncoding = 4; lastKnownFileType = sourcecode.swift; path = PortfolioManager.swift; sourceTree = "<group>"; };
		246737641F4B9255003277B8 /* TransactionTableController.swift */ = {isa = PBXFileReference; fileEncoding = 4; lastKnownFileType = sourcecode.swift; path = TransactionTableController.swift; sourceTree = "<group>"; };
		246874F51F464B4E009BB60A /* Krypton.xcdatamodel */ = {isa = PBXFileReference; lastKnownFileType = wrapper.xcdatamodel; path = Krypton.xcdatamodel; sourceTree = "<group>"; };
		247665511F94CFB8000857B2 /* TransactionHeaderCell.swift */ = {isa = PBXFileReference; lastKnownFileType = sourcecode.swift; path = TransactionHeaderCell.swift; sourceTree = "<group>"; };
		24A007C31F538AD800EC0DCF /* TickerWatchlist.swift */ = {isa = PBXFileReference; fileEncoding = 4; lastKnownFileType = sourcecode.swift; path = TickerWatchlist.swift; sourceTree = "<group>"; };
		24A226BD1F50ED9300907999 /* Helpers.swift */ = {isa = PBXFileReference; fileEncoding = 4; lastKnownFileType = sourcecode.swift; path = Helpers.swift; sourceTree = "<group>"; };
		24A3D32E1F7DAF250081BF09 /* BlockExplorerAPI.swift */ = {isa = PBXFileReference; lastKnownFileType = sourcecode.swift; path = BlockExplorerAPI.swift; sourceTree = "<group>"; };
		24A514D31F7DA5300003BD65 /* TransactionCell.swift */ = {isa = PBXFileReference; lastKnownFileType = sourcecode.swift; path = TransactionCell.swift; sourceTree = "<group>"; };
		24AF7B121F830B6C00400007 /* CryptoSwift.xcodeproj */ = {isa = PBXFileReference; lastKnownFileType = "wrapper.pb-project"; name = CryptoSwift.xcodeproj; path = CryptoSwift/CryptoSwift.xcodeproj; sourceTree = "<group>"; };
		24AF7B211F83130500400007 /* SwiftKeccak.xcodeproj */ = {isa = PBXFileReference; lastKnownFileType = "wrapper.pb-project"; name = SwiftKeccak.xcodeproj; path = SwiftKeccak/SwiftKeccak.xcodeproj; sourceTree = "<group>"; };
		24AF7B2A1F83130E00400007 /* SwiftKeccak.xcodeproj */ = {isa = PBXFileReference; lastKnownFileType = "wrapper.pb-project"; name = SwiftKeccak.xcodeproj; path = SwiftKeccak/SwiftKeccak.xcodeproj; sourceTree = "<group>"; };
		24B8F6091F93F3E200150C6C /* SwiftyBeaver.xcodeproj */ = {isa = PBXFileReference; lastKnownFileType = "wrapper.pb-project"; name = SwiftyBeaver.xcodeproj; path = SwiftyBeaver/SwiftyBeaver.xcodeproj; sourceTree = "<group>"; };
		24BB0DFD1F4E41B40042562C /* Currency.swift */ = {isa = PBXFileReference; fileEncoding = 4; lastKnownFileType = sourcecode.swift; path = Currency.swift; sourceTree = "<group>"; };
		24C63DB31F7F15DD0096A807 /* WatchlistController.swift */ = {isa = PBXFileReference; lastKnownFileType = sourcecode.swift; path = WatchlistController.swift; sourceTree = "<group>"; };
/* End PBXFileReference section */

/* Begin PBXFrameworksBuildPhase section */
		2400D0751F40715900833958 /* Frameworks */ = {
			isa = PBXFrameworksBuildPhase;
			buildActionMask = 2147483647;
			files = (
				245E10871F86D79F000F6F0A /* SwiftKeccak.framework in Frameworks */,
			);
			runOnlyForDeploymentPostprocessing = 0;
		};
/* End PBXFrameworksBuildPhase section */

/* Begin PBXGroup section */
		2400D06F1F40715900833958 = {
			isa = PBXGroup;
			children = (
				24B8F6091F93F3E200150C6C /* SwiftyBeaver.xcodeproj */,
				24AF7B2A1F83130E00400007 /* SwiftKeccak.xcodeproj */,
				24AF7B121F830B6C00400007 /* CryptoSwift.xcodeproj */,
				2400D07A1F40715900833958 /* Krypton */,
				2400D0791F40715900833958 /* Products */,
				24AF7B1D1F830BE700400007 /* Frameworks */,
			);
			sourceTree = "<group>";
		};
		2400D0791F40715900833958 /* Products */ = {
			isa = PBXGroup;
			children = (
				2400D0781F40715900833958 /* Krypton.app */,
			);
			name = Products;
			sourceTree = "<group>";
		};
		2400D07A1F40715900833958 /* Krypton */ = {
			isa = PBXGroup;
			children = (
				24B859AC1F47C90800969049 /* Controller */,
				24B859AB1F47C8E400969049 /* Model */,
				24B859AA1F47C8D500969049 /* Backend */,
				2449F4381F6D59CC006E21C8 /* Custom Views */,
				24B859A91F47C89A00969049 /* Supporting Files */,
			);
			path = Krypton;
			sourceTree = "<group>";
		};
		2400D09B1F42513600833958 /* Exchange */ = {
			isa = PBXGroup;
			children = (
				2400D08F1F40720500833958 /* KrakenAPI.swift */,
				2400D0911F40D6E700833958 /* TickerConnector.swift */,
			);
			name = Exchange;
			sourceTree = "<group>";
		};
		2400D09C1F42514000833958 /* Blockchain */ = {
			isa = PBXGroup;
			children = (
				2400D0951F424B5600833958 /* EtherscanAPI.swift */,
				24A3D32E1F7DAF250081BF09 /* BlockExplorerAPI.swift */,
				2400D0991F42511800833958 /* BlockchainConnector.swift */,
			);
			name = Blockchain;
			sourceTree = "<group>";
		};
		240C63B61F47A8A800728B8B /* EntitiesMO */ = {
			isa = PBXGroup;
			children = (
				240C63B01F47A88300728B8B /* Portfolio.swift */,
				240C63B21F47A88E00728B8B /* Address.swift */,
				2446F5DB1F8EAD1E00DF385B /* TokenAddress.swift */,
				2400D0971F42508100833958 /* Transaction.swift */,
				2400D0931F40D90900833958 /* TickerPrice.swift */,
				24150D421F88E3E1003B7091 /* Token.swift */,
			);
			name = EntitiesMO;
			sourceTree = "<group>";
		};
		242729A21F704C4C00E5231D /* Portfolios */ = {
			isa = PBXGroup;
			children = (
				2438599A1F6C890500D67791 /* PortfolioTableController.swift */,
				2449F4361F6D5711006E21C8 /* PortfolioDetailController.swift */,
				2449F4431F6F0D3A006E21C8 /* AddPortfolioController.swift */,
				242729A31F7075CC00E5231D /* AddresDetailController.swift */,
			);
			name = Portfolios;
			sourceTree = "<group>";
		};
		2438599C1F6CA6B600D67791 /* Dashboard */ = {
			isa = PBXGroup;
			children = (
				2400D07D1F40715900833958 /* DashboardController.swift */,
				243859951F6C442300D67791 /* AddAddressController.swift */,
			);
			name = Dashboard;
			sourceTree = "<group>";
		};
		2438599D1F6CA6BF00D67791 /* Shared */ = {
			isa = PBXGroup;
			children = (
				2449F4471F6F1D1F006E21C8 /* CurrencySelectionController.swift */,
				243859931F6BE01F00D67791 /* FilterController.swift */,
			);
			name = Shared;
			sourceTree = "<group>";
		};
		2438599E1F6CA6D500D67791 /* Transactions */ = {
			isa = PBXGroup;
			children = (
				246737641F4B9255003277B8 /* TransactionTableController.swift */,
				2449F4341F6CB30D006E21C8 /* TransactionDetailController.swift */,
			);
			name = Transactions;
			sourceTree = "<group>";
		};
		2449F4381F6D59CC006E21C8 /* Custom Views */ = {
			isa = PBXGroup;
			children = (
				2449F4391F6D59F5006E21C8 /* TextFieldCell.swift */,
				2449F43B1F6D5AFA006E21C8 /* SwitchCell.swift */,
				242E1D521F9395F700BB95E3 /* SegmentedControlCell.swift */,
				242E1D541F939C4500BB95E3 /* DeleteCell.swift */,
				247665511F94CFB8000857B2 /* TransactionHeaderCell.swift */,
				2449F43D1F6D5D6D006E21C8 /* AddressCell.swift */,
				24A514D31F7DA5300003BD65 /* TransactionCell.swift */,
			);
			name = "Custom Views";
			sourceTree = "<group>";
		};
		24AF7B131F830B6C00400007 /* Products */ = {
			isa = PBXGroup;
			children = (
				24AF7B181F830B6C00400007 /* CryptoSwift.framework */,
				24AF7B1A1F830B6C00400007 /* Tests.xctest */,
			);
			name = Products;
			sourceTree = "<group>";
		};
		24AF7B1D1F830BE700400007 /* Frameworks */ = {
			isa = PBXGroup;
			children = (
				24AF7B211F83130500400007 /* SwiftKeccak.xcodeproj */,
			);
			name = Frameworks;
			sourceTree = "<group>";
		};
		24AF7B221F83130500400007 /* Products */ = {
			isa = PBXGroup;
			children = (
				24AF7B271F83130500400007 /* SwiftKeccak.framework */,
				24AF7B291F83130500400007 /* SwiftKeccakTests.xctest */,
			);
			name = Products;
			sourceTree = "<group>";
		};
		24AF7B2B1F83130E00400007 /* Products */ = {
			isa = PBXGroup;
			children = (
				24AF7B301F83130E00400007 /* SwiftKeccak.framework */,
				24AF7B321F83130E00400007 /* SwiftKeccakTests.xctest */,
			);
			name = Products;
			sourceTree = "<group>";
		};
		24B859A91F47C89A00969049 /* Supporting Files */ = {
			isa = PBXGroup;
			children = (
				2400D0811F40715900833958 /* Main.storyboard */,
				2400D0861F40715900833958 /* LaunchScreen.storyboard */,
				2400D07B1F40715900833958 /* AppDelegate.swift */,
				246874F41F464B4E009BB60A /* Krypton.xcdatamodeld */,
				2400D0891F40715900833958 /* Info.plist */,
				2400D0841F40715900833958 /* Assets.xcassets */,
			);
			name = "Supporting Files";
			sourceTree = "<group>";
		};
		24B859AA1F47C8D500969049 /* Backend */ = {
			isa = PBXGroup;
			children = (
				2400D09B1F42513600833958 /* Exchange */,
				2400D09C1F42514000833958 /* Blockchain */,
			);
			name = Backend;
			sourceTree = "<group>";
		};
		24B859AB1F47C8E400969049 /* Model */ = {
			isa = PBXGroup;
			children = (
				2458132E1F5F503B007795BC /* PortfolioManager.swift */,
				24BB0DFD1F4E41B40042562C /* Currency.swift */,
				24A007C31F538AD800EC0DCF /* TickerWatchlist.swift */,
				24A226BD1F50ED9300907999 /* Helpers.swift */,
				240C63B61F47A8A800728B8B /* EntitiesMO */,
			);
			name = Model;
			sourceTree = "<group>";
		};
		24B859AC1F47C90800969049 /* Controller */ = {
			isa = PBXGroup;
			children = (
				2438599C1F6CA6B600D67791 /* Dashboard */,
				2438599D1F6CA6BF00D67791 /* Shared */,
				242729A21F704C4C00E5231D /* Portfolios */,
				2438599E1F6CA6D500D67791 /* Transactions */,
				24F2C8361F8FBB130065BDEC /* Settings */,
			);
			name = Controller;
			sourceTree = "<group>";
		};
		24B8F60A1F93F3E200150C6C /* Products */ = {
			isa = PBXGroup;
			children = (
				24B8F6171F93F3E200150C6C /* SwiftyBeaver.framework */,
				24B8F6191F93F3E200150C6C /* SwiftyBeaverTests.xctest */,
				24B8F61B1F93F3E200150C6C /* SwiftyBeaver.framework */,
				24B8F61D1F93F3E200150C6C /* SwiftyBeaver.framework */,
				24B8F61F1F93F3E200150C6C /* SwiftyBeaver.framework */,
			);
			name = Products;
			sourceTree = "<group>";
		};
		24F2C8361F8FBB130065BDEC /* Settings */ = {
			isa = PBXGroup;
			children = (
				2449F4491F6F1F40006E21C8 /* SettingsController.swift */,
				24C63DB31F7F15DD0096A807 /* WatchlistController.swift */,
			);
			name = Settings;
			sourceTree = "<group>";
		};
/* End PBXGroup section */

/* Begin PBXNativeTarget section */
		2400D0771F40715900833958 /* Krypton */ = {
			isa = PBXNativeTarget;
			buildConfigurationList = 2400D08C1F40715900833958 /* Build configuration list for PBXNativeTarget "Krypton" */;
			buildPhases = (
				2400D0741F40715900833958 /* Sources */,
				2400D0751F40715900833958 /* Frameworks */,
				2400D0761F40715900833958 /* Resources */,
				24AF7B1F1F830C4D00400007 /* CopyFiles */,
			);
			buildRules = (
			);
			dependencies = (
				24B8F6211F93F3F000150C6C /* PBXTargetDependency */,
				245E10861F86D79B000F6F0A /* PBXTargetDependency */,
			);
			name = Krypton;
			productName = Krypton;
			productReference = 2400D0781F40715900833958 /* Krypton.app */;
			productType = "com.apple.product-type.application";
		};
/* End PBXNativeTarget section */

/* Begin PBXProject section */
		2400D0701F40715900833958 /* Project object */ = {
			isa = PBXProject;
			attributes = {
				LastSwiftUpdateCheck = 0830;
				LastUpgradeCheck = 0900;
				ORGANIZATIONNAME = "Hewlett Packard Enterprise";
				TargetAttributes = {
					2400D0771F40715900833958 = {
						CreatedOnToolsVersion = 8.3.3;
						DevelopmentTeam = JPC698935F;
						LastSwiftMigration = 0900;
						ProvisioningStyle = Automatic;
					};
				};
			};
			buildConfigurationList = 2400D0731F40715900833958 /* Build configuration list for PBXProject "Krypton" */;
			compatibilityVersion = "Xcode 3.2";
			developmentRegion = English;
			hasScannedForEncodings = 0;
			knownRegions = (
				en,
				Base,
			);
			mainGroup = 2400D06F1F40715900833958;
			productRefGroup = 2400D0791F40715900833958 /* Products */;
			projectDirPath = "";
			projectReferences = (
				{
					ProductGroup = 24AF7B131F830B6C00400007 /* Products */;
					ProjectRef = 24AF7B121F830B6C00400007 /* CryptoSwift.xcodeproj */;
				},
				{
					ProductGroup = 24AF7B2B1F83130E00400007 /* Products */;
					ProjectRef = 24AF7B2A1F83130E00400007 /* SwiftKeccak.xcodeproj */;
				},
				{
					ProductGroup = 24AF7B221F83130500400007 /* Products */;
					ProjectRef = 24AF7B211F83130500400007 /* SwiftKeccak.xcodeproj */;
				},
				{
					ProductGroup = 24B8F60A1F93F3E200150C6C /* Products */;
					ProjectRef = 24B8F6091F93F3E200150C6C /* SwiftyBeaver.xcodeproj */;
				},
			);
			projectRoot = "";
			targets = (
				2400D0771F40715900833958 /* Krypton */,
			);
		};
/* End PBXProject section */

/* Begin PBXReferenceProxy section */
		24AF7B181F830B6C00400007 /* CryptoSwift.framework */ = {
			isa = PBXReferenceProxy;
			fileType = wrapper.framework;
			path = CryptoSwift.framework;
			remoteRef = 24AF7B171F830B6C00400007 /* PBXContainerItemProxy */;
			sourceTree = BUILT_PRODUCTS_DIR;
		};
		24AF7B1A1F830B6C00400007 /* Tests.xctest */ = {
			isa = PBXReferenceProxy;
			fileType = wrapper.cfbundle;
			path = Tests.xctest;
			remoteRef = 24AF7B191F830B6C00400007 /* PBXContainerItemProxy */;
			sourceTree = BUILT_PRODUCTS_DIR;
		};
		24AF7B271F83130500400007 /* SwiftKeccak.framework */ = {
			isa = PBXReferenceProxy;
			fileType = wrapper.framework;
			path = SwiftKeccak.framework;
			remoteRef = 24AF7B261F83130500400007 /* PBXContainerItemProxy */;
			sourceTree = BUILT_PRODUCTS_DIR;
		};
		24AF7B291F83130500400007 /* SwiftKeccakTests.xctest */ = {
			isa = PBXReferenceProxy;
			fileType = wrapper.cfbundle;
			path = SwiftKeccakTests.xctest;
			remoteRef = 24AF7B281F83130500400007 /* PBXContainerItemProxy */;
			sourceTree = BUILT_PRODUCTS_DIR;
		};
		24AF7B301F83130E00400007 /* SwiftKeccak.framework */ = {
			isa = PBXReferenceProxy;
			fileType = wrapper.framework;
			path = SwiftKeccak.framework;
			remoteRef = 24AF7B2F1F83130E00400007 /* PBXContainerItemProxy */;
			sourceTree = BUILT_PRODUCTS_DIR;
		};
		24AF7B321F83130E00400007 /* SwiftKeccakTests.xctest */ = {
			isa = PBXReferenceProxy;
			fileType = wrapper.cfbundle;
			path = SwiftKeccakTests.xctest;
			remoteRef = 24AF7B311F83130E00400007 /* PBXContainerItemProxy */;
			sourceTree = BUILT_PRODUCTS_DIR;
		};
		24B8F6171F93F3E200150C6C /* SwiftyBeaver.framework */ = {
			isa = PBXReferenceProxy;
			fileType = wrapper.framework;
			path = SwiftyBeaver.framework;
			remoteRef = 24B8F6161F93F3E200150C6C /* PBXContainerItemProxy */;
			sourceTree = BUILT_PRODUCTS_DIR;
		};
		24B8F6191F93F3E200150C6C /* SwiftyBeaverTests.xctest */ = {
			isa = PBXReferenceProxy;
			fileType = wrapper.cfbundle;
			path = SwiftyBeaverTests.xctest;
			remoteRef = 24B8F6181F93F3E200150C6C /* PBXContainerItemProxy */;
			sourceTree = BUILT_PRODUCTS_DIR;
		};
		24B8F61B1F93F3E200150C6C /* SwiftyBeaver.framework */ = {
			isa = PBXReferenceProxy;
			fileType = wrapper.framework;
			path = SwiftyBeaver.framework;
			remoteRef = 24B8F61A1F93F3E200150C6C /* PBXContainerItemProxy */;
			sourceTree = BUILT_PRODUCTS_DIR;
		};
		24B8F61D1F93F3E200150C6C /* SwiftyBeaver.framework */ = {
			isa = PBXReferenceProxy;
			fileType = wrapper.framework;
			path = SwiftyBeaver.framework;
			remoteRef = 24B8F61C1F93F3E200150C6C /* PBXContainerItemProxy */;
			sourceTree = BUILT_PRODUCTS_DIR;
		};
		24B8F61F1F93F3E200150C6C /* SwiftyBeaver.framework */ = {
			isa = PBXReferenceProxy;
			fileType = wrapper.framework;
			path = SwiftyBeaver.framework;
			remoteRef = 24B8F61E1F93F3E200150C6C /* PBXContainerItemProxy */;
			sourceTree = BUILT_PRODUCTS_DIR;
		};
/* End PBXReferenceProxy section */

/* Begin PBXResourcesBuildPhase section */
		2400D0761F40715900833958 /* Resources */ = {
			isa = PBXResourcesBuildPhase;
			buildActionMask = 2147483647;
			files = (
				2400D0881F40715900833958 /* LaunchScreen.storyboard in Resources */,
				2400D0851F40715900833958 /* Assets.xcassets in Resources */,
				2400D0831F40715900833958 /* Main.storyboard in Resources */,
			);
			runOnlyForDeploymentPostprocessing = 0;
		};
/* End PBXResourcesBuildPhase section */

/* Begin PBXSourcesBuildPhase section */
		2400D0741F40715900833958 /* Sources */ = {
			isa = PBXSourcesBuildPhase;
			buildActionMask = 2147483647;
			files = (
				2400D0961F424B5600833958 /* EtherscanAPI.swift in Sources */,
				2458132F1F5F503B007795BC /* PortfolioManager.swift in Sources */,
				24A007C41F538AD800EC0DCF /* TickerWatchlist.swift in Sources */,
				24A3D32F1F7DAF250081BF09 /* BlockExplorerAPI.swift in Sources */,
				2400D0901F40720500833958 /* KrakenAPI.swift in Sources */,
				2449F4371F6D5711006E21C8 /* PortfolioDetailController.swift in Sources */,
				2400D0981F42508100833958 /* Transaction.swift in Sources */,
				240C63B11F47A88300728B8B /* Portfolio.swift in Sources */,
				24A514D41F7DA5300003BD65 /* TransactionCell.swift in Sources */,
				247665521F94CFB8000857B2 /* TransactionHeaderCell.swift in Sources */,
				242E1D551F939C4500BB95E3 /* DeleteCell.swift in Sources */,
				2400D09A1F42511800833958 /* BlockchainConnector.swift in Sources */,
				24C63DB41F7F15DD0096A807 /* WatchlistController.swift in Sources */,
				2449F4351F6CB30D006E21C8 /* TransactionDetailController.swift in Sources */,
				246737651F4B9255003277B8 /* TransactionTableController.swift in Sources */,
				2449F43E1F6D5D6D006E21C8 /* AddressCell.swift in Sources */,
				243859941F6BE01F00D67791 /* FilterController.swift in Sources */,
				24A226BE1F50ED9300907999 /* Helpers.swift in Sources */,
				2449F4481F6F1D1F006E21C8 /* CurrencySelectionController.swift in Sources */,
				24150D431F88E3E1003B7091 /* Token.swift in Sources */,
				24BB0DFE1F4E41B40042562C /* Currency.swift in Sources */,
				2449F43A1F6D59F5006E21C8 /* TextFieldCell.swift in Sources */,
				2400D0921F40D6E700833958 /* TickerConnector.swift in Sources */,
				2446F5DC1F8EAD1E00DF385B /* TokenAddress.swift in Sources */,
				2449F43C1F6D5AFA006E21C8 /* SwitchCell.swift in Sources */,
				240C63B31F47A88E00728B8B /* Address.swift in Sources */,
				242E1D531F9395F700BB95E3 /* SegmentedControlCell.swift in Sources */,
				246874F61F464B4E009BB60A /* Krypton.xcdatamodeld in Sources */,
				2449F4441F6F0D3A006E21C8 /* AddPortfolioController.swift in Sources */,
				2400D07C1F40715900833958 /* AppDelegate.swift in Sources */,
				243859961F6C442300D67791 /* AddAddressController.swift in Sources */,
				2449F44A1F6F1F40006E21C8 /* SettingsController.swift in Sources */,
				242729A41F7075CC00E5231D /* AddresDetailController.swift in Sources */,
				2438599B1F6C890600D67791 /* PortfolioTableController.swift in Sources */,
				2400D07E1F40715900833958 /* DashboardController.swift in Sources */,
				2400D0941F40D90900833958 /* TickerPrice.swift in Sources */,
			);
			runOnlyForDeploymentPostprocessing = 0;
		};
/* End PBXSourcesBuildPhase section */

/* Begin PBXTargetDependency section */
		245E10861F86D79B000F6F0A /* PBXTargetDependency */ = {
			isa = PBXTargetDependency;
			name = SwiftKeccak;
			targetProxy = 245E10851F86D79B000F6F0A /* PBXContainerItemProxy */;
		};
		24B8F6211F93F3F000150C6C /* PBXTargetDependency */ = {
			isa = PBXTargetDependency;
			name = "SwiftyBeaver (iOS)";
			targetProxy = 24B8F6201F93F3F000150C6C /* PBXContainerItemProxy */;
		};
/* End PBXTargetDependency section */

/* Begin PBXVariantGroup section */
		2400D0811F40715900833958 /* Main.storyboard */ = {
			isa = PBXVariantGroup;
			children = (
				2400D0821F40715900833958 /* Base */,
			);
			name = Main.storyboard;
			sourceTree = "<group>";
		};
		2400D0861F40715900833958 /* LaunchScreen.storyboard */ = {
			isa = PBXVariantGroup;
			children = (
				2400D0871F40715900833958 /* Base */,
			);
			name = LaunchScreen.storyboard;
			sourceTree = "<group>";
		};
/* End PBXVariantGroup section */

/* Begin XCBuildConfiguration section */
		2400D08A1F40715900833958 /* Debug */ = {
			isa = XCBuildConfiguration;
			buildSettings = {
				ALWAYS_SEARCH_USER_PATHS = NO;
				CLANG_ANALYZER_NONNULL = YES;
				CLANG_ANALYZER_NUMBER_OBJECT_CONVERSION = YES_AGGRESSIVE;
				CLANG_CXX_LANGUAGE_STANDARD = "gnu++0x";
				CLANG_CXX_LIBRARY = "libc++";
				CLANG_ENABLE_MODULES = YES;
				CLANG_ENABLE_OBJC_ARC = YES;
				CLANG_WARN_BLOCK_CAPTURE_AUTORELEASING = YES;
				CLANG_WARN_BOOL_CONVERSION = YES;
				CLANG_WARN_COMMA = YES;
				CLANG_WARN_CONSTANT_CONVERSION = YES;
				CLANG_WARN_DIRECT_OBJC_ISA_USAGE = YES_ERROR;
				CLANG_WARN_DOCUMENTATION_COMMENTS = YES;
				CLANG_WARN_EMPTY_BODY = YES;
				CLANG_WARN_ENUM_CONVERSION = YES;
				CLANG_WARN_INFINITE_RECURSION = YES;
				CLANG_WARN_INT_CONVERSION = YES;
				CLANG_WARN_NON_LITERAL_NULL_CONVERSION = YES;
				CLANG_WARN_OBJC_LITERAL_CONVERSION = YES;
				CLANG_WARN_OBJC_ROOT_CLASS = YES_ERROR;
				CLANG_WARN_RANGE_LOOP_ANALYSIS = YES;
				CLANG_WARN_STRICT_PROTOTYPES = YES;
				CLANG_WARN_SUSPICIOUS_MOVE = YES;
				CLANG_WARN_UNREACHABLE_CODE = YES;
				CLANG_WARN__DUPLICATE_METHOD_MATCH = YES;
				"CODE_SIGN_IDENTITY[sdk=iphoneos*]" = "iPhone Developer";
				COPY_PHASE_STRIP = NO;
				DEBUG_INFORMATION_FORMAT = dwarf;
				ENABLE_STRICT_OBJC_MSGSEND = YES;
				ENABLE_TESTABILITY = YES;
				GCC_C_LANGUAGE_STANDARD = gnu99;
				GCC_DYNAMIC_NO_PIC = NO;
				GCC_NO_COMMON_BLOCKS = YES;
				GCC_OPTIMIZATION_LEVEL = 0;
				GCC_PREPROCESSOR_DEFINITIONS = (
					"DEBUG=1",
					"$(inherited)",
				);
				GCC_WARN_64_TO_32_BIT_CONVERSION = YES;
				GCC_WARN_ABOUT_RETURN_TYPE = YES_ERROR;
				GCC_WARN_UNDECLARED_SELECTOR = YES;
				GCC_WARN_UNINITIALIZED_AUTOS = YES_AGGRESSIVE;
				GCC_WARN_UNUSED_FUNCTION = YES;
				GCC_WARN_UNUSED_VARIABLE = YES;
				IPHONEOS_DEPLOYMENT_TARGET = 10.3;
				MTL_ENABLE_DEBUG_INFO = YES;
				ONLY_ACTIVE_ARCH = YES;
				SDKROOT = iphoneos;
				SWIFT_ACTIVE_COMPILATION_CONDITIONS = DEBUG;
				SWIFT_OPTIMIZATION_LEVEL = "-Onone";
				TARGETED_DEVICE_FAMILY = "1,2";
			};
			name = Debug;
		};
		2400D08B1F40715900833958 /* Release */ = {
			isa = XCBuildConfiguration;
			buildSettings = {
				ALWAYS_SEARCH_USER_PATHS = NO;
				CLANG_ANALYZER_NONNULL = YES;
				CLANG_ANALYZER_NUMBER_OBJECT_CONVERSION = YES_AGGRESSIVE;
				CLANG_CXX_LANGUAGE_STANDARD = "gnu++0x";
				CLANG_CXX_LIBRARY = "libc++";
				CLANG_ENABLE_MODULES = YES;
				CLANG_ENABLE_OBJC_ARC = YES;
				CLANG_WARN_BLOCK_CAPTURE_AUTORELEASING = YES;
				CLANG_WARN_BOOL_CONVERSION = YES;
				CLANG_WARN_COMMA = YES;
				CLANG_WARN_CONSTANT_CONVERSION = YES;
				CLANG_WARN_DIRECT_OBJC_ISA_USAGE = YES_ERROR;
				CLANG_WARN_DOCUMENTATION_COMMENTS = YES;
				CLANG_WARN_EMPTY_BODY = YES;
				CLANG_WARN_ENUM_CONVERSION = YES;
				CLANG_WARN_INFINITE_RECURSION = YES;
				CLANG_WARN_INT_CONVERSION = YES;
				CLANG_WARN_NON_LITERAL_NULL_CONVERSION = YES;
				CLANG_WARN_OBJC_LITERAL_CONVERSION = YES;
				CLANG_WARN_OBJC_ROOT_CLASS = YES_ERROR;
				CLANG_WARN_RANGE_LOOP_ANALYSIS = YES;
				CLANG_WARN_STRICT_PROTOTYPES = YES;
				CLANG_WARN_SUSPICIOUS_MOVE = YES;
				CLANG_WARN_UNREACHABLE_CODE = YES;
				CLANG_WARN__DUPLICATE_METHOD_MATCH = YES;
				"CODE_SIGN_IDENTITY[sdk=iphoneos*]" = "iPhone Developer";
				COPY_PHASE_STRIP = NO;
				DEBUG_INFORMATION_FORMAT = "dwarf-with-dsym";
				ENABLE_NS_ASSERTIONS = NO;
				ENABLE_STRICT_OBJC_MSGSEND = YES;
				GCC_C_LANGUAGE_STANDARD = gnu99;
				GCC_NO_COMMON_BLOCKS = YES;
				GCC_WARN_64_TO_32_BIT_CONVERSION = YES;
				GCC_WARN_ABOUT_RETURN_TYPE = YES_ERROR;
				GCC_WARN_UNDECLARED_SELECTOR = YES;
				GCC_WARN_UNINITIALIZED_AUTOS = YES_AGGRESSIVE;
				GCC_WARN_UNUSED_FUNCTION = YES;
				GCC_WARN_UNUSED_VARIABLE = YES;
				IPHONEOS_DEPLOYMENT_TARGET = 10.3;
				MTL_ENABLE_DEBUG_INFO = NO;
				SDKROOT = iphoneos;
				SWIFT_OPTIMIZATION_LEVEL = "-Owholemodule";
				TARGETED_DEVICE_FAMILY = "1,2";
				VALIDATE_PRODUCT = YES;
			};
			name = Release;
		};
		2400D08D1F40715900833958 /* Debug */ = {
			isa = XCBuildConfiguration;
			buildSettings = {
				ASSETCATALOG_COMPILER_APPICON_NAME = AppIcon;
				DEVELOPMENT_TEAM = JPC698935F;
				INFOPLIST_FILE = Krypton/Info.plist;
				LD_RUNPATH_SEARCH_PATHS = "$(inherited) @executable_path/Frameworks";
				PRODUCT_BUNDLE_IDENTIFIER = com.hpe.Krypton;
				PRODUCT_NAME = "$(TARGET_NAME)";
				SWIFT_SWIFT3_OBJC_INFERENCE = Default;
				SWIFT_VERSION = 4.0;
			};
			name = Debug;
		};
		2400D08E1F40715900833958 /* Release */ = {
			isa = XCBuildConfiguration;
			buildSettings = {
				ASSETCATALOG_COMPILER_APPICON_NAME = AppIcon;
				DEVELOPMENT_TEAM = JPC698935F;
				INFOPLIST_FILE = Krypton/Info.plist;
				LD_RUNPATH_SEARCH_PATHS = "$(inherited) @executable_path/Frameworks";
				PRODUCT_BUNDLE_IDENTIFIER = com.hpe.Krypton;
				PRODUCT_NAME = "$(TARGET_NAME)";
				SWIFT_SWIFT3_OBJC_INFERENCE = Default;
				SWIFT_VERSION = 4.0;
			};
			name = Release;
		};
/* End XCBuildConfiguration section */

/* Begin XCConfigurationList section */
		2400D0731F40715900833958 /* Build configuration list for PBXProject "Krypton" */ = {
			isa = XCConfigurationList;
			buildConfigurations = (
				2400D08A1F40715900833958 /* Debug */,
				2400D08B1F40715900833958 /* Release */,
			);
			defaultConfigurationIsVisible = 0;
			defaultConfigurationName = Release;
		};
		2400D08C1F40715900833958 /* Build configuration list for PBXNativeTarget "Krypton" */ = {
			isa = XCConfigurationList;
			buildConfigurations = (
				2400D08D1F40715900833958 /* Debug */,
				2400D08E1F40715900833958 /* Release */,
			);
			defaultConfigurationIsVisible = 0;
			defaultConfigurationName = Release;
		};
/* End XCConfigurationList section */

/* Begin XCVersionGroup section */
		246874F41F464B4E009BB60A /* Krypton.xcdatamodeld */ = {
			isa = XCVersionGroup;
			children = (
				246874F51F464B4E009BB60A /* Krypton.xcdatamodel */,
			);
			currentVersion = 246874F51F464B4E009BB60A /* Krypton.xcdatamodel */;
			path = Krypton.xcdatamodeld;
			sourceTree = "<group>";
			versionGroupType = wrapper.xcdatamodel;
		};
/* End XCVersionGroup section */
	};
	rootObject = 2400D0701F40715900833958 /* Project object */;
}
